Microsoft Visual Studio Solution File, Format Version 12.00
# Visual Studio Version 17
VisualStudioVersion = 17.5.2.0
MinimumVisualStudioVersion = 10.0.40219.1
Project("{FAE04EC0-301F-11D3-BF4B-00C04F79EFBC}") = "Intermediate_Oppgave_3_Drone_Race", "Intermediate_Oppgave_3_Drone_Race.csproj", "{377AC200-3945-179E-4A63-D717067AFB53}"
EndProject
Global
	GlobalSection(SolutionConfigurationPlatforms) = preSolution
		Debug|Any CPU = Debug|Any CPU
		Release|Any CPU = Release|Any CPU
	EndGlobalSection
	GlobalSection(ProjectConfigurationPlatforms) = postSolution
		{377AC200-3945-179E-4A63-D717067AFB53}.Debug|Any CPU.ActiveCfg = Debug|Any CPU
		{377AC200-3945-179E-4A63-D717067AFB53}.Debug|Any CPU.Build.0 = Debug|Any CPU
		{377AC200-3945-179E-4A63-D717067AFB53}.Release|Any CPU.ActiveCfg = Release|Any CPU
		{377AC200-3945-179E-4A63-D717067AFB53}.Release|Any CPU.Build.0 = Release|Any CPU
	EndGlobalSection
	GlobalSection(SolutionProperties) = preSolution
		HideSolutionNode = FALSE
	EndGlobalSection
	GlobalSection(ExtensibilityGlobals) = postSolution
		SolutionGuid = {B7D3DC97-86F3-45C2-947D-E76205087CB4}
	EndGlobalSection
EndGlobal
